
Microsoft Visual Studio Solution File, Format Version 12.00
# Visual Studio Version 16
VisualStudioVersion = 16.0.30114.105
MinimumVisualStudioVersion = 10.0.40219.1
Project("{FAE04EC0-301F-11D3-BF4B-00C04F79EFBC}") = "E-ShopBook", "E-ShopBook\E-ShopBook.csproj", "{99A795E3-47D9-4435-A5AA-60C4A1365AC3}"
EndProject
Global
	GlobalSection(SolutionConfigurationPlatforms) = preSolution
		Debug|Any CPU = Debug|Any CPU
		Release|Any CPU = Release|Any CPU
	EndGlobalSection
	GlobalSection(ProjectConfigurationPlatforms) = postSolution
		{99A795E3-47D9-4435-A5AA-60C4A1365AC3}.Debug|Any CPU.ActiveCfg = Debug|Any CPU
		{99A795E3-47D9-4435-A5AA-60C4A1365AC3}.Debug|Any CPU.Build.0 = Debug|Any CPU
		{99A795E3-47D9-4435-A5AA-60C4A1365AC3}.Release|Any CPU.ActiveCfg = Release|Any CPU
		{99A795E3-47D9-4435-A5AA-60C4A1365AC3}.Release|Any CPU.Build.0 = Release|Any CPU
	EndGlobalSection
	GlobalSection(SolutionProperties) = preSolution
		HideSolutionNode = FALSE
	EndGlobalSection
	GlobalSection(ExtensibilityGlobals) = postSolution
		SolutionGuid = {60E3E278-F3CF-42A5-A79C-DDEECF091784}
	EndGlobalSection
EndGlobal
